
Microsoft Visual Studio Solution File, Format Version 12.00
# Visual Studio Version 16
VisualStudioVersion = 16.0.30907.101
MinimumVisualStudioVersion = 10.0.40219.1
Project("{9A19103F-16F7-4668-BE54-9A1E7A4F7556}") = "DataAccess", "DataAccess\DataAccess.csproj", "{508A93CB-EEE9-428B-8D4D-A0E577ECF7CB}"
EndProject
Project("{9A19103F-16F7-4668-BE54-9A1E7A4F7556}") = "Business", "Business\Business.csproj", "{1C4DA04A-B7BD-4A2F-A83A-73863EA3E174}"
EndProject
Project("{9A19103F-16F7-4668-BE54-9A1E7A4F7556}") = "Entities", "Entities\Entities.csproj", "{D7F0938C-FCF8-446F-8052-3945676C47A8}"
EndProject
Project("{9A19103F-16F7-4668-BE54-9A1E7A4F7556}") = "ConsoleUI", "ConsoleUI\ConsoleUI.csproj", "{AE4C209F-18E8-47AD-A604-DEE6F97031FC}"
EndProject
Project("{9A19103F-16F7-4668-BE54-9A1E7A4F7556}") = "Core", "Core\Core.csproj", "{004339B8-FFEF-4429-9223-C5AC3CBFC390}"
EndProject
Project("{FAE04EC0-301F-11D3-BF4B-00C04F79EFBC}") = "WebAPI", "WebAPI\WebAPI.csproj", "{41852A1E-356E-4585-A17C-8324994C0239}"
EndProject
Global
	GlobalSection(SolutionConfigurationPlatforms) = preSolution
		Debug|Any CPU = Debug|Any CPU
		Release|Any CPU = Release|Any CPU
	EndGlobalSection
	GlobalSection(ProjectConfigurationPlatforms) = postSolution
		{508A93CB-EEE9-428B-8D4D-A0E577ECF7CB}.Debug|Any CPU.ActiveCfg = Debug|Any CPU
		{508A93CB-EEE9-428B-8D4D-A0E577ECF7CB}.Debug|Any CPU.Build.0 = Debug|Any CPU
		{508A93CB-EEE9-428B-8D4D-A0E577ECF7CB}.Release|Any CPU.ActiveCfg = Release|Any CPU
		{508A93CB-EEE9-428B-8D4D-A0E577ECF7CB}.Release|Any CPU.Build.0 = Release|Any CPU
		{1C4DA04A-B7BD-4A2F-A83A-73863EA3E174}.Debug|Any CPU.ActiveCfg = Debug|Any CPU
		{1C4DA04A-B7BD-4A2F-A83A-73863EA3E174}.Debug|Any CPU.Build.0 = Debug|Any CPU
		{1C4DA04A-B7BD-4A2F-A83A-73863EA3E174}.Release|Any CPU.ActiveCfg = Release|Any CPU
		{1C4DA04A-B7BD-4A2F-A83A-73863EA3E174}.Release|Any CPU.Build.0 = Release|Any CPU
		{D7F0938C-FCF8-446F-8052-3945676C47A8}.Debug|Any CPU.ActiveCfg = Debug|Any CPU
		{D7F0938C-FCF8-446F-8052-3945676C47A8}.Debug|Any CPU.Build.0 = Debug|Any CPU
		{D7F0938C-FCF8-446F-8052-3945676C47A8}.Release|Any CPU.ActiveCfg = Release|Any CPU
		{D7F0938C-FCF8-446F-8052-3945676C47A8}.Release|Any CPU.Build.0 = Release|Any CPU
		{AE4C209F-18E8-47AD-A604-DEE6F97031FC}.Debug|Any CPU.ActiveCfg = Debug|Any CPU
		{AE4C209F-18E8-47AD-A604-DEE6F97031FC}.Debug|Any CPU.Build.0 = Debug|Any CPU
		{AE4C209F-18E8-47AD-A604-DEE6F97031FC}.Release|Any CPU.ActiveCfg = Release|Any CPU
		{AE4C209F-18E8-47AD-A604-DEE6F97031FC}.Release|Any CPU.Build.0 = Release|Any CPU
		{004339B8-FFEF-4429-9223-C5AC3CBFC390}.Debug|Any CPU.ActiveCfg = Debug|Any CPU
		{004339B8-FFEF-4429-9223-C5AC3CBFC390}.Debug|Any CPU.Build.0 = Debug|Any CPU
		{004339B8-FFEF-4429-9223-C5AC3CBFC390}.Release|Any CPU.ActiveCfg = Release|Any CPU
		{004339B8-FFEF-4429-9223-C5AC3CBFC390}.Release|Any CPU.Build.0 = Release|Any CPU
		{41852A1E-356E-4585-A17C-8324994C0239}.Debug|Any CPU.ActiveCfg = Debug|Any CPU
		{41852A1E-356E-4585-A17C-8324994C0239}.Debug|Any CPU.Build.0 = Debug|Any CPU
		{41852A1E-356E-4585-A17C-8324994C0239}.Release|Any CPU.ActiveCfg = Release|Any CPU
		{41852A1E-356E-4585-A17C-8324994C0239}.Release|Any CPU.Build.0 = Release|Any CPU
	EndGlobalSection
	GlobalSection(SolutionProperties) = preSolution
		HideSolutionNode = FALSE
	EndGlobalSection
	GlobalSection(ExtensibilityGlobals) = postSolution
		SolutionGuid = {544DD0C4-255C-4962-A8CB-0AA040F44874}
	EndGlobalSection
EndGlobal
